PODS:
  - Expecta (1.0.2)
  - OCMock (3.1.2)
  - Specta (1.0.3)

DEPENDENCIES:
  - Expecta
  - OCMock
  - Specta

SPEC CHECKSUMS:
  Expecta: 54e8a3530add08f4f0208c111355eda7cde74a53
  OCMock: a10ea9f0a6e921651f96f78b6faee95ebc813b92
  Specta: cf3e4188cf35375c3ee2cd03f8db8f1f4ef98234

COCOAPODS: 0.37.2
