// !$*UTF8*$!
{
	archiveVersion = 1;
	classes = {
	};
	objectVersion = 46;
	objects = {

/* Begin PBXBuildFile section */
		5071F2064D8BA00F264E480A /* libPods-PlayingWithLoginTestingTests.a in Frameworks */ = {isa = PBXBuildFile; fileRef = FD910FB188F1C43DF9590EB8 /* libPods-PlayingWithLoginTestingTests.a */; };
		7C91766A1B62943400902968 /* main.m in Sources */ = {isa = PBXBuildFile; fileRef = 7C9176691B62943400902968 /* main.m */; };
		7C91766D1B62943400902968 /* AppDelegate.m in Sources */ = {isa = PBXBuildFile; fileRef = 7C91766C1B62943400902968 /* AppDelegate.m */; };
		7C9176701B62943400902968 /* ViewController.m in Sources */ = {isa = PBXBuildFile; fileRef = 7C91766F1B62943400902968 /* ViewController.m */; };
		7C9176731B62943400902968 /* Main.storyboard in Resources */ = {isa = PBXBuildFile; fileRef = 7C9176711B62943400902968 /* Main.storyboard */; };
		7C9176751B62943400902968 /* Images.xcassets in Resources */ = {isa = PBXBuildFile; fileRef = 7C9176741B62943400902968 /* Images.xcassets */; };
		7C9176781B62943400902968 /* LaunchScreen.xib in Resources */ = {isa = PBXBuildFile; fileRef = 7C9176761B62943400902968 /* LaunchScreen.xib */; };
		7C9176841B62943400902968 /* PlayingWithLoginTestingTests.m in Sources */ = {isa = PBXBuildFile; fileRef = 7C9176831B62943400902968 /* PlayingWithLoginTestingTests.m */; };
		7C91768E1B62974900902968 /* PlayingWithLoginTestingSpec.m in Sources */ = {isa = PBXBuildFile; fileRef = 7C91768D1B62974900902968 /* PlayingWithLoginTestingSpec.m */; };
		7C9176911B62ADA500902968 /* LoginService.m in Sources */ = {isa = PBXBuildFile; fileRef = 7C9176901B62ADA500902968 /* LoginService.m */; };
		7C9176921B62ADA500902968 /* LoginService.m in Sources */ = {isa = PBXBuildFile; fileRef = 7C9176901B62ADA500902968 /* LoginService.m */; };
		D7540C1145FDAFEBC33C7D4C /* libPods-PlayingWithLoginTesting.a in Frameworks */ = {isa = PBXBuildFile; fileRef = 12E145ED9B954EBAA7C641CE /* libPods-PlayingWithLoginTesting.a */; };
/* End PBXBuildFile section */

/* Begin PBXContainerItemProxy section */
		7C91767E1B62943400902968 /* PBXContainerItemProxy */ = {
			isa = PBXContainerItemProxy;
			containerPortal = 7C91765C1B62943400902968 /* Project object */;
			proxyType = 1;
			remoteGlobalIDString = 7C9176631B62943400902968;
			remoteInfo = PlayingWithLoginTesting;
		};
/* End PBXContainerItemProxy section */

/* Begin PBXFileReference section */
		00E1B1C7A59A7E989CD551E0 /* Pods-PlayingWithLoginTestingTests.release.xcconfig */ = {isa = PBXFileReference; includeInIndex = 1; lastKnownFileType = text.xcconfig; name = "Pods-PlayingWithLoginTestingTests.release.xcconfig"; path = "Pods/Target Support Files/Pods-PlayingWithLoginTestingTests/Pods-PlayingWithLoginTestingTests.release.xcconfig"; sourceTree = "<group>"; };
		057703074D74E2EDCDCB8E41 /* Pods-PlayingWithLoginTesting.debug.xcconfig */ = {isa = PBXFileReference; includeInIndex = 1; lastKnownFileType = text.xcconfig; name = "Pods-PlayingWithLoginTesting.debug.xcconfig"; path = "Pods/Target Support Files/Pods-PlayingWithLoginTesting/Pods-PlayingWithLoginTesting.debug.xcconfig"; sourceTree = "<group>"; };
		12E145ED9B954EBAA7C641CE /* libPods-PlayingWithLoginTesting.a */ = {isa = PBXFileReference; explicitFileType = archive.ar; includeInIndex = 0; path = "libPods-PlayingWithLoginTesting.a"; sourceTree = BUILT_PRODUCTS_DIR; };
		641AF990EF7C5B9C24607630 /* Pods-PlayingWithLoginTestingTests.debug.xcconfig */ = {isa = PBXFileReference; includeInIndex = 1; lastKnownFileType = text.xcconfig; name = "Pods-PlayingWithLoginTestingTests.debug.xcconfig"; path = "Pods/Target Support Files/Pods-PlayingWithLoginTestingTests/Pods-PlayingWithLoginTestingTests.debug.xcconfig"; sourceTree = "<group>"; };
		7C9176641B62943400902968 /* PlayingWithLoginTesting.app */ = {isa = PBXFileReference; explicitFileType = wrapper.application; includeInIndex = 0; path = PlayingWithLoginTesting.app; sourceTree = BUILT_PRODUCTS_DIR; };
		7C9176681B62943400902968 /* Info.plist */ = {isa = PBXFileReference; lastKnownFileType = text.plist.xml; path = Info.plist; sourceTree = "<group>"; };
		7C9176691B62943400902968 /* main.m */ = {isa = PBXFileReference; lastKnownFileType = sourcecode.c.objc; path = main.m; sourceTree = "<group>"; };
		7C91766B1B62943400902968 /* AppDelegate.h */ = {isa = PBXFileReference; lastKnownFileType = sourcecode.c.h; path = AppDelegate.h; sourceTree = "<group>"; };
		7C91766C1B62943400902968 /* AppDelegate.m */ = {isa = PBXFileReference; lastKnownFileType = sourcecode.c.objc; path = AppDelegate.m; sourceTree = "<group>"; };
		7C91766E1B62943400902968 /* ViewController.h */ = {isa = PBXFileReference; lastKnownFileType = sourcecode.c.h; path = ViewController.h; sourceTree = "<group>"; };
		7C91766F1B62943400902968 /* ViewController.m */ = {isa = PBXFileReference; lastKnownFileType = sourcecode.c.objc; path = ViewController.m; sourceTree = "<group>"; };
		7C9176721B62943400902968 /* Base */ = {isa = PBXFileReference; lastKnownFileType = file.storyboard; name = Base; path = Base.lproj/Main.storyboard; sourceTree = "<group>"; };
		7C9176741B62943400902968 /* Images.xcassets */ = {isa = PBXFileReference; lastKnownFileType = folder.assetcatalog; path = Images.xcassets; sourceTree = "<group>"; };
		7C9176771B62943400902968 /* Base */ = {isa = PBXFileReference; lastKnownFileType = file.xib; name = Base; path = Base.lproj/LaunchScreen.xib; sourceTree = "<group>"; };
		7C91767D1B62943400902968 /* PlayingWithLoginTestingTests.xctest */ = {isa = PBXFileReference; explicitFileType = wrapper.cfbundle; includeInIndex = 0; path = PlayingWithLoginTestingTests.xctest; sourceTree = BUILT_PRODUCTS_DIR; };
		7C9176821B62943400902968 /* Info.plist */ = {isa = PBXFileReference; lastKnownFileType = text.plist.xml; path = Info.plist; sourceTree = "<group>"; };
		7C9176831B62943400902968 /* PlayingWithLoginTestingTests.m */ = {isa = PBXFileReference; lastKnownFileType = sourcecode.c.objc; path = PlayingWithLoginTestingTests.m; sourceTree = "<group>"; };
		7C91768D1B62974900902968 /* PlayingWithLoginTestingSpec.m */ = {isa = PBXFileReference; fileEncoding = 4; lastKnownFileType = sourcecode.c.objc; path = PlayingWithLoginTestingSpec.m; sourceTree = "<group>"; };
		7C91768F1B62ADA500902968 /* LoginService.h */ = {isa = PBXFileReference; fileEncoding = 4; lastKnownFileType = sourcecode.c.h; path = LoginService.h; sourceTree = "<group>"; };
		7C9176901B62ADA500902968 /* LoginService.m */ = {isa = PBXFileReference; fileEncoding = 4; lastKnownFileType = sourcecode.c.objc; path = LoginService.m; sourceTree = "<group>"; };
		8C33CC1BCF96E63639777E1E /* Pods-PlayingWithLoginTesting.release.xcconfig */ = {isa = PBXFileReference; includeInIndex = 1; lastKnownFileType = text.xcconfig; name = "Pods-PlayingWithLoginTesting.release.xcconfig"; path = "Pods/Target Support Files/Pods-PlayingWithLoginTesting/Pods-PlayingWithLoginTesting.release.xcconfig"; sourceTree = "<group>"; };
		FD910FB188F1C43DF9590EB8 /* libPods-PlayingWithLoginTestingTests.a */ = {isa = PBXFileReference; explicitFileType = archive.ar; includeInIndex = 0; path = "libPods-PlayingWithLoginTestingTests.a"; sourceTree = BUILT_PRODUCTS_DIR; };
/* End PBXFileReference section */

/* Begin PBXFrameworksBuildPhase section */
		7C9176611B62943400902968 /* Frameworks */ = {
			isa = PBXFrameworksBuildPhase;
			buildActionMask = 2147483647;
			files = (
				D7540C1145FDAFEBC33C7D4C /* libPods-PlayingWithLoginTesting.a in Frameworks */,
			);
			runOnlyForDeploymentPostprocessing = 0;
		};
		7C91767A1B62943400902968 /* Frameworks */ = {
			isa = PBXFrameworksBuildPhase;
			buildActionMask = 2147483647;
			files = (
				5071F2064D8BA00F264E480A /* libPods-PlayingWithLoginTestingTests.a in Frameworks */,
			);
			runOnlyForDeploymentPostprocessing = 0;
		};
/* End PBXFrameworksBuildPhase section */

/* Begin PBXGroup section */
		2CECFA2C1898E6FC1073C304 /* Pods */ = {
			isa = PBXGroup;
			children = (
				641AF990EF7C5B9C24607630 /* Pods-PlayingWithLoginTestingTests.debug.xcconfig */,
				00E1B1C7A59A7E989CD551E0 /* Pods-PlayingWithLoginTestingTests.release.xcconfig */,
				057703074D74E2EDCDCB8E41 /* Pods-PlayingWithLoginTesting.debug.xcconfig */,
				8C33CC1BCF96E63639777E1E /* Pods-PlayingWithLoginTesting.release.xcconfig */,
			);
			name = Pods;
			sourceTree = "<group>";
		};
		7C91765B1B62943400902968 = {
			isa = PBXGroup;
			children = (
				7C9176661B62943400902968 /* PlayingWithLoginTesting */,
				7C9176801B62943400902968 /* PlayingWithLoginTestingTests */,
				7C9176651B62943400902968 /* Products */,
				2CECFA2C1898E6FC1073C304 /* Pods */,
				836D9632D08722DCCEA403C3 /* Frameworks */,
			);
			sourceTree = "<group>";
		};
		7C9176651B62943400902968 /* Products */ = {
			isa = PBXGroup;
			children = (
				7C9176641B62943400902968 /* PlayingWithLoginTesting.app */,
				7C91767D1B62943400902968 /* PlayingWithLoginTestingTests.xctest */,
			);
			name = Products;
			sourceTree = "<group>";
		};
		7C9176661B62943400902968 /* PlayingWithLoginTesting */ = {
			isa = PBXGroup;
			children = (
				7C91766B1B62943400902968 /* AppDelegate.h */,
				7C91766C1B62943400902968 /* AppDelegate.m */,
				7C91766E1B62943400902968 /* ViewController.h */,
				7C91766F1B62943400902968 /* ViewController.m */,
				7C9176711B62943400902968 /* Main.storyboard */,
				7C9176741B62943400902968 /* Images.xcassets */,
				7C9176761B62943400902968 /* LaunchScreen.xib */,
				7C9176671B62943400902968 /* Supporting Files */,
			);
			path = PlayingWithLoginTesting;
			sourceTree = "<group>";
		};
		7C9176671B62943400902968 /* Supporting Files */ = {
			isa = PBXGroup;
			children = (
				7C9176681B62943400902968 /* Info.plist */,
				7C9176691B62943400902968 /* main.m */,
				7C91768D1B62974900902968 /* PlayingWithLoginTestingSpec.m */,
				7C91768F1B62ADA500902968 /* LoginService.h */,
				7C9176901B62ADA500902968 /* LoginService.m */,
			);
			name = "Supporting Files";
			sourceTree = "<group>";
		};
		7C9176801B62943400902968 /* PlayingWithLoginTestingTests */ = {
			isa = PBXGroup;
			children = (
				7C9176831B62943400902968 /* PlayingWithLoginTestingTests.m */,
				7C9176811B62943400902968 /* Supporting Files */,
			);
			path = PlayingWithLoginTestingTests;
			sourceTree = "<group>";
		};
		7C9176811B62943400902968 /* Supporting Files */ = {
			isa = PBXGroup;
			children = (
				7C9176821B62943400902968 /* Info.plist */,
			);
			name = "Supporting Files";
			sourceTree = "<group>";
		};
		836D9632D08722DCCEA403C3 /* Frameworks */ = {
			isa = PBXGroup;
			children = (
				FD910FB188F1C43DF9590EB8 /* libPods-PlayingWithLoginTestingTests.a */,
				12E145ED9B954EBAA7C641CE /* libPods-PlayingWithLoginTesting.a */,
			);
			name = Frameworks;
			sourceTree = "<group>";
		};
/* End PBXGroup section */

/* Begin PBXNativeTarget section */
		7C9176631B62943400902968 /* PlayingWithLoginTesting */ = {
			isa = PBXNativeTarget;
			buildConfigurationList = 7C9176871B62943400902968 /* Build configuration list for PBXNativeTarget "PlayingWithLoginTesting" */;
			buildPhases = (
				F1C9020A0209FFF747ECCCE7 /* Check Pods Manifest.lock */,
				7C9176601B62943400902968 /* Sources */,
				7C9176611B62943400902968 /* Frameworks */,
				7C9176621B62943400902968 /* Resources */,
				47FEDFAAFA190E1ED17DB6DA /* Copy Pods Resources */,
			);
			buildRules = (
			);
			dependencies = (
			);
			name = PlayingWithLoginTesting;
			productName = PlayingWithLoginTesting;
			productReference = 7C9176641B62943400902968 /* PlayingWithLoginTesting.app */;
			productType = "com.apple.product-type.application";
		};
		7C91767C1B62943400902968 /* PlayingWithLoginTestingTests */ = {
			isa = PBXNativeTarget;
			buildConfigurationList = 7C91768A1B62943400902968 /* Build configuration list for PBXNativeTarget "PlayingWithLoginTestingTests" */;
			buildPhases = (
				7E881241B07ADD827DF350D4 /* Check Pods Manifest.lock */,
				7C9176791B62943400902968 /* Sources */,
				7C91767A1B62943400902968 /* Frameworks */,
				7C91767B1B62943400902968 /* Resources */,
				AE456ACB5763AF7330408A41 /* Copy Pods Resources */,
			);
			buildRules = (
			);
			dependencies = (
				7C91767F1B62943400902968 /* PBXTargetDependency */,
			);
			name = PlayingWithLoginTestingTests;
			productName = PlayingWithLoginTestingTests;
			productReference = 7C91767D1B62943400902968 /* PlayingWithLoginTestingTests.xctest */;
			productType = "com.apple.product-type.bundle.unit-test";
		};
/* End PBXNativeTarget section */

/* Begin PBXProject section */
		7C91765C1B62943400902968 /* Project object */ = {
			isa = PBXProject;
			attributes = {
				LastUpgradeCheck = 0640;
				ORGANIZATIONNAME = "Giving Tree";
				TargetAttributes = {
					7C9176631B62943400902968 = {
						CreatedOnToolsVersion = 6.4;
					};
					7C91767C1B62943400902968 = {
						CreatedOnToolsVersion = 6.4;
						TestTargetID = 7C9176631B62943400902968;
					};
				};
			};
			buildConfigurationList = 7C91765F1B62943400902968 /* Build configuration list for PBXProject "PlayingWithLoginTesting" */;
			compatibilityVersion = "Xcode 3.2";
			developmentRegion = English;
			hasScannedForEncodings = 0;
			knownRegions = (
				en,
				Base,
			);
			mainGroup = 7C91765B1B62943400902968;
			productRefGroup = 7C9176651B62943400902968 /* Products */;
			projectDirPath = "";
			projectRoot = "";
			targets = (
				7C9176631B62943400902968 /* PlayingWithLoginTesting */,
				7C91767C1B62943400902968 /* PlayingWithLoginTestingTests */,
			);
		};
/* End PBXProject section */

/* Begin PBXResourcesBuildPhase section */
		7C9176621B62943400902968 /* Resources */ = {
			isa = PBXResourcesBuildPhase;
			buildActionMask = 2147483647;
			files = (
				7C9176731B62943400902968 /* Main.storyboard in Resources */,
				7C9176781B62943400902968 /* LaunchScreen.xib in Resources */,
				7C9176751B62943400902968 /* Images.xcassets in Resources */,
			);
			runOnlyForDeploymentPostprocessing = 0;
		};
		7C91767B1B62943400902968 /* Resources */ = {
			isa = PBXResourcesBuildPhase;
			buildActionMask = 2147483647;
			files = (
			);
			runOnlyForDeploymentPostprocessing = 0;
		};
/* End PBXResourcesBuildPhase section */

/* Begin PBXShellScriptBuildPhase section */
		47FEDFAAFA190E1ED17DB6DA /* Copy Pods Resources */ = {
			isa = PBXShellScriptBuildPhase;
			buildActionMask = 2147483647;
			files = (
			);
			inputPaths = (
			);
			name = "Copy Pods Resources";
			outputPaths = (
			);
			runOnlyForDeploymentPostprocessing = 0;
			shellPath = /bin/sh;
			shellScript = "\"${SRCROOT}/Pods/Target Support Files/Pods-PlayingWithLoginTesting/Pods-PlayingWithLoginTesting-resources.sh\"\n";
			showEnvVarsInLog = 0;
		};
		7E881241B07ADD827DF350D4 /* Check Pods Manifest.lock */ = {
			isa = PBXShellScriptBuildPhase;
			buildActionMask = 2147483647;
			files = (
			);
			inputPaths = (
			);
			name = "Check Pods Manifest.lock";
			outputPaths = (
			);
			runOnlyForDeploymentPostprocessing = 0;
			shellPath = /bin/sh;
			shellScript = "diff \"${PODS_ROOT}/../Podfile.lock\" \"${PODS_ROOT}/Manifest.lock\" > /dev/null\nif [[ $? != 0 ]] ; then\n    cat << EOM\nerror: The sandbox is not in sync with the Podfile.lock. Run 'pod install' or update your CocoaPods installation.\nEOM\n    exit 1\nfi\n";
			showEnvVarsInLog = 0;
		};
		AE456ACB5763AF7330408A41 /* Copy Pods Resources */ = {
			isa = PBXShellScriptBuildPhase;
			buildActionMask = 2147483647;
			files = (
			);
			inputPaths = (
			);
			name = "Copy Pods Resources";
			outputPaths = (
			);
			runOnlyForDeploymentPostprocessing = 0;
			shellPath = /bin/sh;
			shellScript = "\"${SRCROOT}/Pods/Target Support Files/Pods-PlayingWithLoginTestingTests/Pods-PlayingWithLoginTestingTests-resources.sh\"\n";
			showEnvVarsInLog = 0;
		};
		F1C9020A0209FFF747ECCCE7 /* Check Pods Manifest.lock */ = {
			isa = PBXShellScriptBuildPhase;
			buildActionMask = 2147483647;
			files = (
			);
			inputPaths = (
			);
			name = "Check Pods Manifest.lock";
			outputPaths = (
			);
			runOnlyForDeploymentPostprocessing = 0;
			shellPath = /bin/sh;
			shellScript = "diff \"${PODS_ROOT}/../Podfile.lock\" \"${PODS_ROOT}/Manifest.lock\" > /dev/null\nif [[ $? != 0 ]] ; then\n    cat << EOM\nerror: The sandbox is not in sync with the Podfile.lock. Run 'pod install' or update your CocoaPods installation.\nEOM\n    exit 1\nfi\n";
			showEnvVarsInLog = 0;
		};
/* End PBXShellScriptBuildPhase section */

/* Begin PBXSourcesBuildPhase section */
		7C9176601B62943400902968 /* Sources */ = {
			isa = PBXSourcesBuildPhase;
			buildActionMask = 2147483647;
			files = (
				7C9176701B62943400902968 /* ViewController.m in Sources */,
				7C91766D1B62943400902968 /* AppDelegate.m in Sources */,
				7C9176911B62ADA500902968 /* LoginService.m in Sources */,
				7C91768E1B62974900902968 /* PlayingWithLoginTestingSpec.m in Sources */,
				7C91766A1B62943400902968 /* main.m in Sources */,
			);
			runOnlyForDeploymentPostprocessing = 0;
		};
		7C9176791B62943400902968 /* Sources */ = {
			isa = PBXSourcesBuildPhase;
			buildActionMask = 2147483647;
			files = (
				7C9176841B62943400902968 /* PlayingWithLoginTestingTests.m in Sources */,
				7C9176921B62ADA500902968 /* LoginService.m in Sources */,
			);
			runOnlyForDeploymentPostprocessing = 0;
		};
/* End PBXSourcesBuildPhase section */

/* Begin PBXTargetDependency section */
		7C91767F1B62943400902968 /* PBXTargetDependency */ = {
			isa = PBXTargetDependency;
			target = 7C9176631B62943400902968 /* PlayingWithLoginTesting */;
			targetProxy = 7C91767E1B62943400902968 /* PBXContainerItemProxy */;
		};
/* End PBXTargetDependency section */

/* Begin PBXVariantGroup section */
		7C9176711B62943400902968 /* Main.storyboard */ = {
			isa = PBXVariantGroup;
			children = (
				7C9176721B62943400902968 /* Base */,
			);
			name = Main.storyboard;
			sourceTree = "<group>";
		};
		7C9176761B62943400902968 /* LaunchScreen.xib */ = {
			isa = PBXVariantGroup;
			children = (
				7C9176771B62943400902968 /* Base */,
			);
			name = LaunchScreen.xib;
			sourceTree = "<group>";
		};
/* End PBXVariantGroup section */

/* Begin XCBuildConfiguration section */
		7C9176851B62943400902968 /* Debug */ = {
			isa = XCBuildConfiguration;
			buildSettings = {
				ALWAYS_SEARCH_USER_PATHS = NO;
				CLANG_CXX_LANGUAGE_STANDARD = "gnu++0x";
				CLANG_CXX_LIBRARY = "libc++";
				CLANG_ENABLE_MODULES = YES;
				CLANG_ENABLE_OBJC_ARC = YES;
				CLANG_WARN_BOOL_CONVERSION = YES;
				CLANG_WARN_CONSTANT_CONVERSION = YES;
				CLANG_WARN_DIRECT_OBJC_ISA_USAGE = YES_ERROR;
				CLANG_WARN_EMPTY_BODY = YES;
				CLANG_WARN_ENUM_CONVERSION = YES;
				CLANG_WARN_INT_CONVERSION = YES;
				CLANG_WARN_OBJC_ROOT_CLASS = YES_ERROR;
				CLANG_WARN_UNREACHABLE_CODE = YES;
				CLANG_WARN__DUPLICATE_METHOD_MATCH = YES;
				"CODE_SIGN_IDENTITY[sdk=iphoneos*]" = "iPhone Developer";
				COPY_PHASE_STRIP = NO;
				DEBUG_INFORMATION_FORMAT = "dwarf-with-dsym";
				ENABLE_STRICT_OBJC_MSGSEND = YES;
				GCC_C_LANGUAGE_STANDARD = gnu99;
				GCC_DYNAMIC_NO_PIC = NO;
				GCC_NO_COMMON_BLOCKS = YES;
				GCC_OPTIMIZATION_LEVEL = 0;
				GCC_PREPROCESSOR_DEFINITIONS = (
					"DEBUG=1",
					"$(inherited)",
				);
				GCC_SYMBOLS_PRIVATE_EXTERN = NO;
				GCC_WARN_64_TO_32_BIT_CONVERSION = YES;
				GCC_WARN_ABOUT_RETURN_TYPE = YES_ERROR;
				GCC_WARN_UNDECLARED_SELECTOR = YES;
				GCC_WARN_UNINITIALIZED_AUTOS = YES_AGGRESSIVE;
				GCC_WARN_UNUSED_FUNCTION = YES;
				GCC_WARN_UNUSED_VARIABLE = YES;
				IPHONEOS_DEPLOYMENT_TARGET = 8.4;
				MTL_ENABLE_DEBUG_INFO = YES;
				ONLY_ACTIVE_ARCH = YES;
				SDKROOT = iphoneos;
			};
			name = Debug;
		};
		7C9176861B62943400902968 /* Release */ = {
			isa = XCBuildConfiguration;
			buildSettings = {
				ALWAYS_SEARCH_USER_PATHS = NO;
				CLANG_CXX_LANGUAGE_STANDARD = "gnu++0x";
				CLANG_CXX_LIBRARY = "libc++";
				CLANG_ENABLE_MODULES = YES;
				CLANG_ENABLE_OBJC_ARC = YES;
				CLANG_WARN_BOOL_CONVERSION = YES;
				CLANG_WARN_CONSTANT_CONVERSION = YES;
				CLANG_WARN_DIRECT_OBJC_ISA_USAGE = YES_ERROR;
				CLANG_WARN_EMPTY_BODY = YES;
				CLANG_WARN_ENUM_CONVERSION = YES;
				CLANG_WARN_INT_CONVERSION = YES;
				CLANG_WARN_OBJC_ROOT_CLASS = YES_ERROR;
				CLANG_WARN_UNREACHABLE_CODE = YES;
				CLANG_WARN__DUPLICATE_METHOD_MATCH = YES;
				"CODE_SIGN_IDENTITY[sdk=iphoneos*]" = "iPhone Developer";
				COPY_PHASE_STRIP = NO;
				DEBUG_INFORMATION_FORMAT = "dwarf-with-dsym";
				ENABLE_NS_ASSERTIONS = NO;
				ENABLE_STRICT_OBJC_MSGSEND = YES;
				GCC_C_LANGUAGE_STANDARD = gnu99;
				GCC_NO_COMMON_BLOCKS = YES;
				GCC_WARN_64_TO_32_BIT_CONVERSION = YES;
				GCC_WARN_ABOUT_RETURN_TYPE = YES_ERROR;
				GCC_WARN_UNDECLARED_SELECTOR = YES;
				GCC_WARN_UNINITIALIZED_AUTOS = YES_AGGRESSIVE;
				GCC_WARN_UNUSED_FUNCTION = YES;
				GCC_WARN_UNUSED_VARIABLE = YES;
				IPHONEOS_DEPLOYMENT_TARGET = 8.4;
				MTL_ENABLE_DEBUG_INFO = NO;
				SDKROOT = iphoneos;
				VALIDATE_PRODUCT = YES;
			};
			name = Release;
		};
		7C9176881B62943400902968 /* Debug */ = {
			isa = XCBuildConfiguration;
			baseConfigurationReference = 057703074D74E2EDCDCB8E41 /* Pods-PlayingWithLoginTesting.debug.xcconfig */;
			buildSettings = {
				ASSETCATALOG_COMPILER_APPICON_NAME = AppIcon;
				INFOPLIST_FILE = PlayingWithLoginTesting/Info.plist;
				LD_RUNPATH_SEARCH_PATHS = "$(inherited) @executable_path/Frameworks";
				PRODUCT_NAME = "$(TARGET_NAME)";
			};
			name = Debug;
		};
		7C9176891B62943400902968 /* Release */ = {
			isa = XCBuildConfiguration;
			baseConfigurationReference = 8C33CC1BCF96E63639777E1E /* Pods-PlayingWithLoginTesting.release.xcconfig */;
			buildSettings = {
				ASSETCATALOG_COMPILER_APPICON_NAME = AppIcon;
				INFOPLIST_FILE = PlayingWithLoginTesting/Info.plist;
				LD_RUNPATH_SEARCH_PATHS = "$(inherited) @executable_path/Frameworks";
				PRODUCT_NAME = "$(TARGET_NAME)";
			};
			name = Release;
		};
		7C91768B1B62943400902968 /* Debug */ = {
			isa = XCBuildConfiguration;
			baseConfigurationReference = 641AF990EF7C5B9C24607630 /* Pods-PlayingWithLoginTestingTests.debug.xcconfig */;
			buildSettings = {
				BUNDLE_LOADER = "$(TEST_HOST)";
				FRAMEWORK_SEARCH_PATHS = (
					"$(SDKROOT)/Developer/Library/Frameworks",
					"$(inherited)",
				);
				GCC_PREPROCESSOR_DEFINITIONS = (
					"DEBUG=1",
					"$(inherited)",
				);
				INFOPLIST_FILE = PlayingWithLoginTestingTests/Info.plist;
				LD_RUNPATH_SEARCH_PATHS = "$(inherited) @executable_path/Frameworks @loader_path/Frameworks";
				PRODUCT_NAME = "$(TARGET_NAME)";
				TEST_HOST = "$(BUILT_PRODUCTS_DIR)/PlayingWithLoginTesting.app/PlayingWithLoginTesting";
			};
			name = Debug;
		};
		7C91768C1B62943400902968 /* Release */ = {
			isa = XCBuildConfiguration;
			baseConfigurationReference = 00E1B1C7A59A7E989CD551E0 /* Pods-PlayingWithLoginTestingTests.release.xcconfig */;
			buildSettings = {
				BUNDLE_LOADER = "$(TEST_HOST)";
				FRAMEWORK_SEARCH_PATHS = (
					"$(SDKROOT)/Developer/Library/Frameworks",
					"$(inherited)",
				);
				INFOPLIST_FILE = PlayingWithLoginTestingTests/Info.plist;
				LD_RUNPATH_SEARCH_PATHS = "$(inherited) @executable_path/Frameworks @loader_path/Frameworks";
				PRODUCT_NAME = "$(TARGET_NAME)";
				TEST_HOST = "$(BUILT_PRODUCTS_DIR)/PlayingWithLoginTesting.app/PlayingWithLoginTesting";
			};
			name = Release;
		};
/* End XCBuildConfiguration section */

/* Begin XCConfigurationList section */
		7C91765F1B62943400902968 /* Build configuration list for PBXProject "PlayingWithLoginTesting" */ = {
			isa = XCConfigurationList;
			buildConfigurations = (
				7C9176851B62943400902968 /* Debug */,
				7C9176861B62943400902968 /* Release */,
			);
			defaultConfigurationIsVisible = 0;
			defaultConfigurationName = Release;
		};
		7C9176871B62943400902968 /* Build configuration list for PBXNativeTarget "PlayingWithLoginTesting" */ = {
			isa = XCConfigurationList;
			buildConfigurations = (
				7C9176881B62943400902968 /* Debug */,
				7C9176891B62943400902968 /* Release */,
			);
			defaultConfigurationIsVisible = 0;
			defaultConfigurationName = Release;
		};
		7C91768A1B62943400902968 /* Build configuration list for PBXNativeTarget "PlayingWithLoginTestingTests" */ = {
			isa = XCConfigurationList;
			buildConfigurations = (
				7C91768B1B62943400902968 /* Debug */,
				7C91768C1B62943400902968 /* Release */,
			);
			defaultConfigurationIsVisible = 0;
			defaultConfigurationName = Release;
		};
/* End XCConfigurationList section */
	};
	rootObject = 7C91765C1B62943400902968 /* Project object */;
}
